<?xml version="1.0" encoding="utf-8"?>
<Project ToolsVersion="4.0" xmlns="http://schemas.microsoft.com/developer/msbuild/2003">
  <ItemGroup>
    <None Include="packages.config" />
  </ItemGroup>
  <ItemGroup>
    <ClCompile Include="Pacman.cpp" />
    <ClCompile Include="Node.cpp" />
    <ClCompile Include="GameInstance.cpp">
      <Filter>Game_Control</Filter>
    </ClCompile>
    <ClCompile Include="Map.cpp">
      <Filter>Map</Filter>
    </ClCompile>
    <ClCompile Include="Player.cpp">
      <Filter>Character</Filter>
    </ClCompile>
    <ClCompile Include="Ghost.cpp">
      <Filter>Character</Filter>
    </ClCompile>
  </ItemGroup>
  <ItemGroup>
    <Filter Include="Character">
      <UniqueIdentifier>{b995e457-3396-4e93-a780-b1be639a3995}</UniqueIdentifier>
    </Filter>
    <Filter Include="Map">
      <UniqueIdentifier>{7068784f-5ce6-493e-93c9-6c2f1f12635f}</UniqueIdentifier>
    </Filter>
    <Filter Include="Game_Control">
      <UniqueIdentifier>{7406e2aa-602c-4f47-a613-8cb86a54a649}</UniqueIdentifier>
    </Filter>
  </ItemGroup>
  <ItemGroup>
    <ClInclude Include="Constants.h" />
    <ClInclude Include="Node.h">
      <Filter>Map</Filter>
    </ClInclude>
    <ClInclude Include="Map.h">
      <Filter>Map</Filter>
    </ClInclude>
    <ClInclude Include="GameInstance.h">
      <Filter>Game_Control</Filter>
    </ClInclude>
    <ClInclude Include="Character.h">
      <Filter>Character</Filter>
    </ClInclude>
    <ClInclude Include="Player.h">
      <Filter>Character</Filter>
    </ClInclude>
    <ClInclude Include="Ghost.h">
      <Filter>Character</Filter>
    </ClInclude>
  </ItemGroup>
</Project>